
Microsoft Visual Studio Solution File, Format Version 12.00
# Visual Studio 15
VisualStudioVersion = 15.0.26014.0
MinimumVisualStudioVersion = 10.0.40219.1
Project("{FAE04EC0-301F-11D3-BF4B-00C04F79EFBC}") = "ReverseString", "ReverseString\ReverseString.csproj", "{D3F7832A-6AAE-4A07-8699-7231F8E1ADF4}"
EndProject
Project("{FAE04EC0-301F-11D3-BF4B-00C04F79EFBC}") = "CountSubstringOccurrences", "CountSubstringOccurrences\CountSubstringOccurrences.csproj", "{9900DFFC-685B-45A9-B85A-A5356BA2B1E9}"
EndProject
Project("{FAE04EC0-301F-11D3-BF4B-00C04F79EFBC}") = "TextFilter", "TextFilter\TextFilter.csproj", "{816548C8-D5A3-4A83-A8DD-142E42B19BC2}"
EndProject
Project("{FAE04EC0-301F-11D3-BF4B-00C04F79EFBC}") = "Palindrome", "Palindrome\Palindrome.csproj", "{55FFFA08-6F06-4668-A147-029E262227FF}"
EndProject
Project("{FAE04EC0-301F-11D3-BF4B-00C04F79EFBC}") = "test", "test\test.csproj", "{8AC9ADE4-1596-4926-BC0F-F1B1B407C6C3}"
EndProject
Project("{FAE04EC0-301F-11D3-BF4B-00C04F79EFBC}") = "ReplaceAtag", "ReplaceAtag\ReplaceAtag.csproj", "{332689FB-B472-4996-9A99-BC9E5BCED7D2}"
EndProject
Project("{FAE04EC0-301F-11D3-BF4B-00C04F79EFBC}") = "MagicExchangeWord", "MagicExchangeWord\MagicExchangeWord.csproj", "{014F1DB4-9D36-472A-AC9A-8C1A538FD35B}"
EndProject
Project("{FAE04EC0-301F-11D3-BF4B-00C04F79EFBC}") = "SumBigNumber", "SumBigNumber\SumBigNumber.csproj", "{86DE0DFF-2450-4E05-9952-2391CD626FB9}"
EndProject
Project("{FAE04EC0-301F-11D3-BF4B-00C04F79EFBC}") = "MultiplyBigNum", "MultiplyBigNum\MultiplyBigNum.csproj", "{C9C344E7-1303-43CC-A578-4EC60C2E7992}"
EndProject
Project("{FAE04EC0-301F-11D3-BF4B-00C04F79EFBC}") = "LetterChangeNumber", "LetterChangeNumber\LetterChangeNumber.csproj", "{B238C091-C46F-4CC0-A1B9-A2B770A08B57}"
EndProject
Project("{FAE04EC0-301F-11D3-BF4B-00C04F79EFBC}") = "ExtractEmails", "ExtractEmails\ExtractEmails.csproj", "{63451B14-B1C7-4918-87A6-542BA94420E9}"
EndProject
Project("{FAE04EC0-301F-11D3-BF4B-00C04F79EFBC}") = "ExtractSentences", "ExtractSentences\ExtractSentences.csproj", "{1A6A76ED-A947-4225-AB9A-38D051BA18A6}"
EndProject
Project("{FAE04EC0-301F-11D3-BF4B-00C04F79EFBC}") = "ValidUsername", "ValidUsername\ValidUsername.csproj", "{8A19980B-6E74-451B-90CE-D3040FC235E8}"
EndProject
Global
	GlobalSection(SolutionConfigurationPlatforms) = preSolution
		Debug|Any CPU = Debug|Any CPU
		Release|Any CPU = Release|Any CPU
	EndGlobalSection
	GlobalSection(ProjectConfigurationPlatforms) = postSolution
		{D3F7832A-6AAE-4A07-8699-7231F8E1ADF4}.Debug|Any CPU.ActiveCfg = Debug|Any CPU
		{D3F7832A-6AAE-4A07-8699-7231F8E1ADF4}.Debug|Any CPU.Build.0 = Debug|Any CPU
		{D3F7832A-6AAE-4A07-8699-7231F8E1ADF4}.Release|Any CPU.ActiveCfg = Release|Any CPU
		{D3F7832A-6AAE-4A07-8699-7231F8E1ADF4}.Release|Any CPU.Build.0 = Release|Any CPU
		{9900DFFC-685B-45A9-B85A-A5356BA2B1E9}.Debug|Any CPU.ActiveCfg = Debug|Any CPU
		{9900DFFC-685B-45A9-B85A-A5356BA2B1E9}.Debug|Any CPU.Build.0 = Debug|Any CPU
		{9900DFFC-685B-45A9-B85A-A5356BA2B1E9}.Release|Any CPU.ActiveCfg = Release|Any CPU
		{9900DFFC-685B-45A9-B85A-A5356BA2B1E9}.Release|Any CPU.Build.0 = Release|Any CPU
		{816548C8-D5A3-4A83-A8DD-142E42B19BC2}.Debug|Any CPU.ActiveCfg = Debug|Any CPU
		{816548C8-D5A3-4A83-A8DD-142E42B19BC2}.Debug|Any CPU.Build.0 = Debug|Any CPU
		{816548C8-D5A3-4A83-A8DD-142E42B19BC2}.Release|Any CPU.ActiveCfg = Release|Any CPU
		{816548C8-D5A3-4A83-A8DD-142E42B19BC2}.Release|Any CPU.Build.0 = Release|Any CPU
		{55FFFA08-6F06-4668-A147-029E262227FF}.Debug|Any CPU.ActiveCfg = Debug|Any CPU
		{55FFFA08-6F06-4668-A147-029E262227FF}.Debug|Any CPU.Build.0 = Debug|Any CPU
		{55FFFA08-6F06-4668-A147-029E262227FF}.Release|Any CPU.ActiveCfg = Release|Any CPU
		{55FFFA08-6F06-4668-A147-029E262227FF}.Release|Any CPU.Build.0 = Release|Any CPU
		{8AC9ADE4-1596-4926-BC0F-F1B1B407C6C3}.Debug|Any CPU.ActiveCfg = Debug|Any CPU
		{8AC9ADE4-1596-4926-BC0F-F1B1B407C6C3}.Debug|Any CPU.Build.0 = Debug|Any CPU
		{8AC9ADE4-1596-4926-BC0F-F1B1B407C6C3}.Release|Any CPU.ActiveCfg = Release|Any CPU
		{8AC9ADE4-1596-4926-BC0F-F1B1B407C6C3}.Release|Any CPU.Build.0 = Release|Any CPU
		{332689FB-B472-4996-9A99-BC9E5BCED7D2}.Debug|Any CPU.ActiveCfg = Debug|Any CPU
		{332689FB-B472-4996-9A99-BC9E5BCED7D2}.Debug|Any CPU.Build.0 = Debug|Any CPU
		{332689FB-B472-4996-9A99-BC9E5BCED7D2}.Release|Any CPU.ActiveCfg = Release|Any CPU
		{332689FB-B472-4996-9A99-BC9E5BCED7D2}.Release|Any CPU.Build.0 = Release|Any CPU
		{014F1DB4-9D36-472A-AC9A-8C1A538FD35B}.Debug|Any CPU.ActiveCfg = Debug|Any CPU
		{014F1DB4-9D36-472A-AC9A-8C1A538FD35B}.Debug|Any CPU.Build.0 = Debug|Any CPU
		{014F1DB4-9D36-472A-AC9A-8C1A538FD35B}.Release|Any CPU.ActiveCfg = Release|Any CPU
		{014F1DB4-9D36-472A-AC9A-8C1A538FD35B}.Release|Any CPU.Build.0 = Release|Any CPU
		{86DE0DFF-2450-4E05-9952-2391CD626FB9}.Debug|Any CPU.ActiveCfg = Debug|Any CPU
		{86DE0DFF-2450-4E05-9952-2391CD626FB9}.Debug|Any CPU.Build.0 = Debug|Any CPU
		{86DE0DFF-2450-4E05-9952-2391CD626FB9}.Release|Any CPU.ActiveCfg = Release|Any CPU
		{86DE0DFF-2450-4E05-9952-2391CD626FB9}.Release|Any CPU.Build.0 = Release|Any CPU
		{C9C344E7-1303-43CC-A578-4EC60C2E7992}.Debug|Any CPU.ActiveCfg = Debug|Any CPU
		{C9C344E7-1303-43CC-A578-4EC60C2E7992}.Debug|Any CPU.Build.0 = Debug|Any CPU
		{C9C344E7-1303-43CC-A578-4EC60C2E7992}.Release|Any CPU.ActiveCfg = Release|Any CPU
		{C9C344E7-1303-43CC-A578-4EC60C2E7992}.Release|Any CPU.Build.0 = Release|Any CPU
		{B238C091-C46F-4CC0-A1B9-A2B770A08B57}.Debug|Any CPU.ActiveCfg = Debug|Any CPU
		{B238C091-C46F-4CC0-A1B9-A2B770A08B57}.Debug|Any CPU.Build.0 = Debug|Any CPU
		{B238C091-C46F-4CC0-A1B9-A2B770A08B57}.Release|Any CPU.ActiveCfg = Release|Any CPU
		{B238C091-C46F-4CC0-A1B9-A2B770A08B57}.Release|Any CPU.Build.0 = Release|Any CPU
		{63451B14-B1C7-4918-87A6-542BA94420E9}.Debug|Any CPU.ActiveCfg = Debug|Any CPU
		{63451B14-B1C7-4918-87A6-542BA94420E9}.Debug|Any CPU.Build.0 = Debug|Any CPU
		{63451B14-B1C7-4918-87A6-542BA94420E9}.Release|Any CPU.ActiveCfg = Release|Any CPU
		{63451B14-B1C7-4918-87A6-542BA94420E9}.Release|Any CPU.Build.0 = Release|Any CPU
		{1A6A76ED-A947-4225-AB9A-38D051BA18A6}.Debug|Any CPU.ActiveCfg = Debug|Any CPU
		{1A6A76ED-A947-4225-AB9A-38D051BA18A6}.Debug|Any CPU.Build.0 = Debug|Any CPU
		{1A6A76ED-A947-4225-AB9A-38D051BA18A6}.Release|Any CPU.ActiveCfg = Release|Any CPU
		{1A6A76ED-A947-4225-AB9A-38D051BA18A6}.Release|Any CPU.Build.0 = Release|Any CPU
		{8A19980B-6E74-451B-90CE-D3040FC235E8}.Debug|Any CPU.ActiveCfg = Debug|Any CPU
		{8A19980B-6E74-451B-90CE-D3040FC235E8}.Debug|Any CPU.Build.0 = Debug|Any CPU
		{8A19980B-6E74-451B-90CE-D3040FC235E8}.Release|Any CPU.ActiveCfg = Release|Any CPU
		{8A19980B-6E74-451B-90CE-D3040FC235E8}.Release|Any CPU.Build.0 = Release|Any CPU
	EndGlobalSection
	GlobalSection(SolutionProperties) = preSolution
		HideSolutionNode = FALSE
	EndGlobalSection
EndGlobal
